
Microsoft Visual Studio Solution File, Format Version 12.00
# Visual Studio 15
VisualStudioVersion = 15.0.26730.15
MinimumVisualStudioVersion = 10.0.40219.1
Project("{FAE04EC0-301F-11D3-BF4B-00C04F79EFBC}") = "Serious Beards", "Serious Beards\Serious Beards.csproj", "{7848CDDC-C1F9-4842-A7E6-7FEBB9A136BD}"
EndProject
Global
	GlobalSection(SolutionConfigurationPlatforms) = preSolution
		Debug|x86 = Debug|x86
		Release|x86 = Release|x86
	EndGlobalSection
	GlobalSection(ProjectConfigurationPlatforms) = postSolution
		{7848CDDC-C1F9-4842-A7E6-7FEBB9A136BD}.Debug|x86.ActiveCfg = Debug|x86
		{7848CDDC-C1F9-4842-A7E6-7FEBB9A136BD}.Debug|x86.Build.0 = Debug|x86
		{7848CDDC-C1F9-4842-A7E6-7FEBB9A136BD}.Release|x86.ActiveCfg = Release|x86
		{7848CDDC-C1F9-4842-A7E6-7FEBB9A136BD}.Release|x86.Build.0 = Release|x86
	EndGlobalSection
	GlobalSection(SolutionProperties) = preSolution
		HideSolutionNode = FALSE
	EndGlobalSection
	GlobalSection(ExtensibilityGlobals) = postSolution
		SolutionGuid = {762778E3-96AA-40FD-A5B2-8CE055E70B51}
	EndGlobalSection
EndGlobal
